
Microsoft Visual Studio Solution File, Format Version 12.00
# Visual Studio Version 16
VisualStudioVersion = 16.0.29806.167
MinimumVisualStudioVersion = 10.0.40219.1
Project("{FAE04EC0-301F-11D3-BF4B-00C04F79EFBC}") = "VehicleManagement", "VehicleManagement\VehicleManagement.csproj", "{826AB8B1-2CB4-4682-8C93-0FEFA809BFA6}"
EndProject
Global
	GlobalSection(SolutionConfigurationPlatforms) = preSolution
		Debug|Any CPU = Debug|Any CPU
		Release|Any CPU = Release|Any CPU
	EndGlobalSection
	GlobalSection(ProjectConfigurationPlatforms) = postSolution
		{826AB8B1-2CB4-4682-8C93-0FEFA809BFA6}.Debug|Any CPU.ActiveCfg = Debug|Any CPU
		{826AB8B1-2CB4-4682-8C93-0FEFA809BFA6}.Debug|Any CPU.Build.0 = Debug|Any CPU
		{826AB8B1-2CB4-4682-8C93-0FEFA809BFA6}.Release|Any CPU.ActiveCfg = Release|Any CPU
		{826AB8B1-2CB4-4682-8C93-0FEFA809BFA6}.Release|Any CPU.Build.0 = Release|Any CPU
	EndGlobalSection
	GlobalSection(SolutionProperties) = preSolution
		HideSolutionNode = FALSE
	EndGlobalSection
	GlobalSection(ExtensibilityGlobals) = postSolution
		SolutionGuid = {2B767B1E-F7D0-4752-AA39-AD7ECED77205}
	EndGlobalSection
EndGlobal
